
Microsoft Visual Studio Solution File, Format Version 12.00
# Visual Studio 2013
VisualStudioVersion = 12.0.31101.0
MinimumVisualStudioVersion = 10.0.40219.1
Project("{FAE04EC0-301F-11D3-BF4B-00C04F79EFBC}") = "VisualStudioHelpDownloader", "VisualStudioHelpDownloader2012\VisualStudioHelpDownloader.csproj", "{2AE1E505-92AB-40DD-86D9-E47B307CEC94}"
EndProject
Global
	GlobalSection(TeamFoundationVersionControl) = preSolution
		SccNumberOfProjects = 2
		SccEnterpriseProvider = {4CA58AB2-18FA-4F8D-95D4-32DDF27D184C}
		SccTeamFoundationServer = https://tfs.codeplex.com/tfs/tfs34
		SccProjectUniqueName0 = VisualStudioHelpDownloader2012\\VisualStudioHelpDownloader.csproj
		SccProjectName0 = VisualStudioHelpDownloader2012
		SccLocalPath0 = VisualStudioHelpDownloader2012
		SccLocalPath1 = .
	EndGlobalSection
	GlobalSection(SolutionConfigurationPlatforms) = preSolution
		Debug|Any CPU = Debug|Any CPU
		Release|Any CPU = Release|Any CPU
	EndGlobalSection
	GlobalSection(ProjectConfigurationPlatforms) = postSolution
		{2AE1E505-92AB-40DD-86D9-E47B307CEC94}.Debug|Any CPU.ActiveCfg = Debug|Any CPU
		{2AE1E505-92AB-40DD-86D9-E47B307CEC94}.Debug|Any CPU.Build.0 = Debug|Any CPU
		{2AE1E505-92AB-40DD-86D9-E47B307CEC94}.Release|Any CPU.ActiveCfg = Release|Any CPU
		{2AE1E505-92AB-40DD-86D9-E47B307CEC94}.Release|Any CPU.Build.0 = Release|Any CPU
	EndGlobalSection
	GlobalSection(SolutionProperties) = preSolution
		HideSolutionNode = FALSE
	EndGlobalSection
EndGlobal
